// !$*UTF8*$!
{
	archiveVersion = 1;
	classes = {
	};
	objectVersion = 50;
	objects = {

/* Begin PBXBuildFile section */
		2977F30C22E3B8CD0018B608 /* AppDelegate.swift in Sources */ = {isa = PBXBuildFile; fileRef = 2977F30B22E3B8CD0018B608 /* AppDelegate.swift */; };
		2977F31122E3B8CD0018B608 /* Main.storyboard in Resources */ = {isa = PBXBuildFile; fileRef = 2977F30F22E3B8CD0018B608 /* Main.storyboard */; };
		2977F31322E3B8CF0018B608 /* Assets.xcassets in Resources */ = {isa = PBXBuildFile; fileRef = 2977F31222E3B8CF0018B608 /* Assets.xcassets */; };
		2977F31622E3B8CF0018B608 /* LaunchScreen.storyboard in Resources */ = {isa = PBXBuildFile; fileRef = 2977F31422E3B8CF0018B608 /* LaunchScreen.storyboard */; };
		2977F31E22E3BAEB0018B608 /* TableViewController.swift in Sources */ = {isa = PBXBuildFile; fileRef = 2977F31D22E3BAEB0018B608 /* TableViewController.swift */; };
		2977F32022E3BB390018B608 /* TableViewCell.swift in Sources */ = {isa = PBXBuildFile; fileRef = 2977F31F22E3BB390018B608 /* TableViewCell.swift */; };
		2977F32222E3BEC40018B608 /* Landmarks.plist in Resources */ = {isa = PBXBuildFile; fileRef = 2977F32122E3BEC40018B608 /* Landmarks.plist */; };
/* End PBXBuildFile section */

/* Begin PBXFileReference section */
		2977F30822E3B8CD0018B608 /* LondonLandmarks.app */ = {isa = PBXFileReference; explicitFileType = wrapper.application; includeInIndex = 0; path = LondonLandmarks.app; sourceTree = BUILT_PRODUCTS_DIR; };
		2977F30B22E3B8CD0018B608 /* AppDelegate.swift */ = {isa = PBXFileReference; lastKnownFileType = sourcecode.swift; path = AppDelegate.swift; sourceTree = "<group>"; };
		2977F31022E3B8CD0018B608 /* Base */ = {isa = PBXFileReference; lastKnownFileType = file.storyboard; name = Base; path = Base.lproj/Main.storyboard; sourceTree = "<group>"; };
		2977F31222E3B8CF0018B608 /* Assets.xcassets */ = {isa = PBXFileReference; lastKnownFileType = folder.assetcatalog; path = Assets.xcassets; sourceTree = "<group>"; };
		2977F31522E3B8CF0018B608 /* Base */ = {isa = PBXFileReference; lastKnownFileType = file.storyboard; name = Base; path = Base.lproj/LaunchScreen.storyboard; sourceTree = "<group>"; };
		2977F31722E3B8CF0018B608 /* Info.plist */ = {isa = PBXFileReference; lastKnownFileType = text.plist.xml; path = Info.plist; sourceTree = "<group>"; };
		2977F31D22E3BAEB0018B608 /* TableViewController.swift */ = {isa = PBXFileReference; lastKnownFileType = sourcecode.swift; path = TableViewController.swift; sourceTree = "<group>"; };
		2977F31F22E3BB390018B608 /* TableViewCell.swift */ = {isa = PBXFileReference; lastKnownFileType = sourcecode.swift; path = TableViewCell.swift; sourceTree = "<group>"; };
		2977F32122E3BEC40018B608 /* Landmarks.plist */ = {isa = PBXFileReference; lastKnownFileType = text.plist.xml; path = Landmarks.plist; sourceTree = "<group>"; };
/* End PBXFileReference section */

/* Begin PBXFrameworksBuildPhase section */
		2977F30522E3B8CD0018B608 /* Frameworks */ = {
			isa = PBXFrameworksBuildPhase;
			buildActionMask = 2147483647;
			files = (
			);
			runOnlyForDeploymentPostprocessing = 0;
		};
/* End PBXFrameworksBuildPhase section */

/* Begin PBXGroup section */
		2977F2FF22E3B8CD0018B608 = {
			isa = PBXGroup;
			children = (
				2977F30A22E3B8CD0018B608 /* LondonLandmarks */,
				2977F30922E3B8CD0018B608 /* Products */,
			);
			sourceTree = "<group>";
		};
		2977F30922E3B8CD0018B608 /* Products */ = {
			isa = PBXGroup;
			children = (
				2977F30822E3B8CD0018B608 /* LondonLandmarks.app */,
			);
			name = Products;
			sourceTree = "<group>";
		};
		2977F30A22E3B8CD0018B608 /* LondonLandmarks */ = {
			isa = PBXGroup;
			children = (
				2977F30B22E3B8CD0018B608 /* AppDelegate.swift */,
				2977F31D22E3BAEB0018B608 /* TableViewController.swift */,
				2977F31F22E3BB390018B608 /* TableViewCell.swift */,
				2977F30F22E3B8CD0018B608 /* Main.storyboard */,
				2977F31222E3B8CF0018B608 /* Assets.xcassets */,
				2977F31422E3B8CF0018B608 /* LaunchScreen.storyboard */,
				2977F31722E3B8CF0018B608 /* Info.plist */,
				2977F32122E3BEC40018B608 /* Landmarks.plist */,
			);
			path = LondonLandmarks;
			sourceTree = "<group>";
		};
/* End PBXGroup section */

/* Begin PBXNativeTarget section */
		2977F30722E3B8CD0018B608 /* LondonLandmarks */ = {
			isa = PBXNativeTarget;
			buildConfigurationList = 2977F31A22E3B8CF0018B608 /* Build configuration list for PBXNativeTarget "LondonLandmarks" */;
			buildPhases = (
				2977F30422E3B8CD0018B608 /* Sources */,
				2977F30522E3B8CD0018B608 /* Frameworks */,
				2977F30622E3B8CD0018B608 /* Resources */,
			);
			buildRules = (
			);
			dependencies = (
			);
			name = LondonLandmarks;
			productName = LondonLandmarks;
			productReference = 2977F30822E3B8CD0018B608 /* LondonLandmarks.app */;
			productType = "com.apple.product-type.application";
		};
/* End PBXNativeTarget section */

/* Begin PBXProject section */
		2977F30022E3B8CD0018B608 /* Project object */ = {
			isa = PBXProject;
			attributes = {
				LastSwiftUpdateCheck = 1020;
				LastUpgradeCheck = 1020;
				ORGANIZATIONNAME = "Halil Özel";
				TargetAttributes = {
					2977F30722E3B8CD0018B608 = {
						CreatedOnToolsVersion = 10.2.1;
					};
				};
			};
			buildConfigurationList = 2977F30322E3B8CD0018B608 /* Build configuration list for PBXProject "LondonLandmarks" */;
			compatibilityVersion = "Xcode 9.3";
			developmentRegion = en;
			hasScannedForEncodings = 0;
			knownRegions = (
				en,
				Base,
			);
			mainGroup = 2977F2FF22E3B8CD0018B608;
			productRefGroup = 2977F30922E3B8CD0018B608 /* Products */;
			projectDirPath = "";
			projectRoot = "";
			targets = (
				2977F30722E3B8CD0018B608 /* LondonLandmarks */,
			);
		};
/* End PBXProject section */

/* Begin PBXResourcesBuildPhase section */
		2977F30622E3B8CD0018B608 /* Resources */ = {
			isa = PBXResourcesBuildPhase;
			buildActionMask = 2147483647;
			files = (
				2977F31622E3B8CF0018B608 /* LaunchScreen.storyboard in Resources */,
				2977F31322E3B8CF0018B608 /* Assets.xcassets in Resources */,
				2977F32222E3BEC40018B608 /* Landmarks.plist in Resources */,
				2977F31122E3B8CD0018B608 /* Main.storyboard in Resources */,
			);
			runOnlyForDeploymentPostprocessing = 0;
		};
/* End PBXResourcesBuildPhase section */

/* Begin PBXSourcesBuildPhase section */
		2977F30422E3B8CD0018B608 /* Sources */ = {
			isa = PBXSourcesBuildPhase;
			buildActionMask = 2147483647;
			files = (
				2977F32022E3BB390018B608 /* TableViewCell.swift in Sources */,
				2977F30C22E3B8CD0018B608 /* AppDelegate.swift in Sources */,
				2977F31E22E3BAEB0018B608 /* TableViewController.swift in Sources */,
			);
			runOnlyForDeploymentPostprocessing = 0;
		};
/* End PBXSourcesBuildPhase section */

/* Begin PBXVariantGroup section */
		2977F30F22E3B8CD0018B608 /* Main.storyboard */ = {
			isa = PBXVariantGroup;
			children = (
				2977F31022E3B8CD0018B608 /* Base */,
			);
			name = Main.storyboard;
			sourceTree = "<group>";
		};
		2977F31422E3B8CF0018B608 /* LaunchScreen.storyboard */ = {
			isa = PBXVariantGroup;
			children = (
				2977F31522E3B8CF0018B608 /* Base */,
			);
			name = LaunchScreen.storyboard;
			sourceTree = "<group>";
		};
/* End PBXVariantGroup section */

/* Begin XCBuildConfiguration section */
		2977F31822E3B8CF0018B608 /* Debug */ = {
			isa = XCBuildConfiguration;
			buildSettings = {
				ALWAYS_SEARCH_USER_PATHS = NO;
				CLANG_ANALYZER_NONNULL = YES;
				CLANG_ANALYZER_NUMBER_OBJECT_CONVERSION = YES_AGGRESSIVE;
				CLANG_CXX_LANGUAGE_STANDARD = "gnu++14";
				CLANG_CXX_LIBRARY = "libc++";
				CLANG_ENABLE_MODULES = YES;
				CLANG_ENABLE_OBJC_ARC = YES;
				CLANG_ENABLE_OBJC_WEAK = YES;
				CLANG_WARN_BLOCK_CAPTURE_AUTORELEASING = YES;
				CLANG_WARN_BOOL_CONVERSION = YES;
				CLANG_WARN_COMMA = YES;
				CLANG_WARN_CONSTANT_CONVERSION = YES;
				CLANG_WARN_DEPRECATED_OBJC_IMPLEMENTATIONS = YES;
				CLANG_WARN_DIRECT_OBJC_ISA_USAGE = YES_ERROR;
				CLANG_WARN_DOCUMENTATION_COMMENTS = YES;
				CLANG_WARN_EMPTY_BODY = YES;
				CLANG_WARN_ENUM_CONVERSION = YES;
				CLANG_WARN_INFINITE_RECURSION = YES;
				CLANG_WARN_INT_CONVERSION = YES;
				CLANG_WARN_NON_LITERAL_NULL_CONVERSION = YES;
				CLANG_WARN_OBJC_IMPLICIT_RETAIN_SELF = YES;
				CLANG_WARN_OBJC_LITERAL_CONVERSION = YES;
				CLANG_WARN_OBJC_ROOT_CLASS = YES_ERROR;
				CLANG_WARN_RANGE_LOOP_ANALYSIS = YES;
				CLANG_WARN_STRICT_PROTOTYPES = YES;
				CLANG_WARN_SUSPICIOUS_MOVE = YES;
				CLANG_WARN_UNGUARDED_AVAILABILITY = YES_AGGRESSIVE;
				CLANG_WARN_UNREACHABLE_CODE = YES;
				CLANG_WARN__DUPLICATE_METHOD_MATCH = YES;
				CODE_SIGN_IDENTITY = "iPhone Developer";
				COPY_PHASE_STRIP = NO;
				DEBUG_INFORMATION_FORMAT = dwarf;
				ENABLE_STRICT_OBJC_MSGSEND = YES;
				ENABLE_TESTABILITY = YES;
				GCC_C_LANGUAGE_STANDARD = gnu11;
				GCC_DYNAMIC_NO_PIC = NO;
				GCC_NO_COMMON_BLOCKS = YES;
				GCC_OPTIMIZATION_LEVEL = 0;
				GCC_PREPROCESSOR_DEFINITIONS = (
					"DEBUG=1",
					"$(inherited)",
				);
				GCC_WARN_64_TO_32_BIT_CONVERSION = YES;
				GCC_WARN_ABOUT_RETURN_TYPE = YES_ERROR;
				GCC_WARN_UNDECLARED_SELECTOR = YES;
				GCC_WARN_UNINITIALIZED_AUTOS = YES_AGGRESSIVE;
				GCC_WARN_UNUSED_FUNCTION = YES;
				GCC_WARN_UNUSED_VARIABLE = YES;
				IPHONEOS_DEPLOYMENT_TARGET = 12.2;
				MTL_ENABLE_DEBUG_INFO = INCLUDE_SOURCE;
				MTL_FAST_MATH = YES;
				ONLY_ACTIVE_ARCH = YES;
				SDKROOT = iphoneos;
				SWIFT_ACTIVE_COMPILATION_CONDITIONS = DEBUG;
				SWIFT_OPTIMIZATION_LEVEL = "-Onone";
			};
			name = Debug;
		};
		2977F31922E3B8CF0018B608 /* Release */ = {
			isa = XCBuildConfiguration;
			buildSettings = {
				ALWAYS_SEARCH_USER_PATHS = NO;
				CLANG_ANALYZER_NONNULL = YES;
				CLANG_ANALYZER_NUMBER_OBJECT_CONVERSION = YES_AGGRESSIVE;
				CLANG_CXX_LANGUAGE_STANDARD = "gnu++14";
				CLANG_CXX_LIBRARY = "libc++";
				CLANG_ENABLE_MODULES = YES;
				CLANG_ENABLE_OBJC_ARC = YES;
				CLANG_ENABLE_OBJC_WEAK = YES;
				CLANG_WARN_BLOCK_CAPTURE_AUTORELEASING = YES;
				CLANG_WARN_BOOL_CONVERSION = YES;
				CLANG_WARN_COMMA = YES;
				CLANG_WARN_CONSTANT_CONVERSION = YES;
				CLANG_WARN_DEPRECATED_OBJC_IMPLEMENTATIONS = YES;
				CLANG_WARN_DIRECT_OBJC_ISA_USAGE = YES_ERROR;
				CLANG_WARN_DOCUMENTATION_COMMENTS = YES;
				CLANG_WARN_EMPTY_BODY = YES;
				CLANG_WARN_ENUM_CONVERSION = YES;
				CLANG_WARN_INFINITE_RECURSION = YES;
				CLANG_WARN_INT_CONVERSION = YES;
				CLANG_WARN_NON_LITERAL_NULL_CONVERSION = YES;
				CLANG_WARN_OBJC_IMPLICIT_RETAIN_SELF = YES;
				CLANG_WARN_OBJC_LITERAL_CONVERSION = YES;
				CLANG_WARN_OBJC_ROOT_CLASS = YES_ERROR;
				CLANG_WARN_RANGE_LOOP_ANALYSIS = YES;
				CLANG_WARN_STRICT_PROTOTYPES = YES;
				CLANG_WARN_SUSPICIOUS_MOVE = YES;
				CLANG_WARN_UNGUARDED_AVAILABILITY = YES_AGGRESSIVE;
				CLANG_WARN_UNREACHABLE_CODE = YES;
				CLANG_WARN__DUPLICATE_METHOD_MATCH = YES;
				CODE_SIGN_IDENTITY = "iPhone Developer";
				COPY_PHASE_STRIP = NO;
				DEBUG_INFORMATION_FORMAT = "dwarf-with-dsym";
				ENABLE_NS_ASSERTIONS = NO;
				ENABLE_STRICT_OBJC_MSGSEND = YES;
				GCC_C_LANGUAGE_STANDARD = gnu11;
				GCC_NO_COMMON_BLOCKS = YES;
				GCC_WARN_64_TO_32_BIT_CONVERSION = YES;
				GCC_WARN_ABOUT_RETURN_TYPE = YES_ERROR;
				GCC_WARN_UNDECLARED_SELECTOR = YES;
				GCC_WARN_UNINITIALIZED_AUTOS = YES_AGGRESSIVE;
				GCC_WARN_UNUSED_FUNCTION = YES;
				GCC_WARN_UNUSED_VARIABLE = YES;
				IPHONEOS_DEPLOYMENT_TARGET = 12.2;
				MTL_ENABLE_DEBUG_INFO = NO;
				MTL_FAST_MATH = YES;
				SDKROOT = iphoneos;
				SWIFT_COMPILATION_MODE = wholemodule;
				SWIFT_OPTIMIZATION_LEVEL = "-O";
				VALIDATE_PRODUCT = YES;
			};
			name = Release;
		};
		2977F31B22E3B8CF0018B608 /* Debug */ = {
			isa = XCBuildConfiguration;
			buildSettings = {
				ASSETCATALOG_COMPILER_APPICON_NAME = AppIcon;
				CODE_SIGN_STYLE = Automatic;
				DEVELOPMENT_TEAM = P53LDPVMNS;
				INFOPLIST_FILE = LondonLandmarks/Info.plist;
				LD_RUNPATH_SEARCH_PATHS = (
					"$(inherited)",
					"@executable_path/Frameworks",
				);
				PRODUCT_BUNDLE_IDENTIFIER = com.halil.ozel.LondonLandmarks;
				PRODUCT_NAME = "$(TARGET_NAME)";
				SWIFT_VERSION = 5.0;
				TARGETED_DEVICE_FAMILY = "1,2";
			};
			name = Debug;
		};
		2977F31C22E3B8CF0018B608 /* Release */ = {
			isa = XCBuildConfiguration;
			buildSettings = {
				ASSETCATALOG_COMPILER_APPICON_NAME = AppIcon;
				CODE_SIGN_STYLE = Automatic;
				DEVELOPMENT_TEAM = P53LDPVMNS;
				INFOPLIST_FILE = LondonLandmarks/Info.plist;
				LD_RUNPATH_SEARCH_PATHS = (
					"$(inherited)",
					"@executable_path/Frameworks",
				);
				PRODUCT_BUNDLE_IDENTIFIER = com.halil.ozel.LondonLandmarks;
				PRODUCT_NAME = "$(TARGET_NAME)";
				SWIFT_VERSION = 5.0;
				TARGETED_DEVICE_FAMILY = "1,2";
			};
			name = Release;
		};
/* End XCBuildConfiguration section */

/* Begin XCConfigurationList section */
		2977F30322E3B8CD0018B608 /* Build configuration list for PBXProject "LondonLandmarks" */ = {
			isa = XCConfigurationList;
			buildConfigurations = (
				2977F31822E3B8CF0018B608 /* Debug */,
				2977F31922E3B8CF0018B608 /* Release */,
			);
			defaultConfigurationIsVisible = 0;
			defaultConfigurationName = Release;
		};
		2977F31A22E3B8CF0018B608 /* Build configuration list for PBXNativeTarget "LondonLandmarks" */ = {
			isa = XCConfigurationList;
			buildConfigurations = (
				2977F31B22E3B8CF0018B608 /* Debug */,
				2977F31C22E3B8CF0018B608 /* Release */,
			);
			defaultConfigurationIsVisible = 0;
			defaultConfigurationName = Release;
		};
/* End XCConfigurationList section */
	};
	rootObject = 2977F30022E3B8CD0018B608 /* Project object */;
}
